
Microsoft Visual Studio Solution File, Format Version 12.00
# Visual Studio Version 16
VisualStudioVersion = 16.0.31019.35
MinimumVisualStudioVersion = 10.0.40219.1
Project("{FAE04EC0-301F-11D3-BF4B-00C04F79EFBC}") = "URLShortener.Android", "URLShortener\URLShortener.Android\URLShortener.Android.csproj", "{31247C46-1AC0-4290-B48D-5C96CE30AFC9}"
EndProject
Project("{FAE04EC0-301F-11D3-BF4B-00C04F79EFBC}") = "URLShortener.iOS", "URLShortener\URLShortener.iOS\URLShortener.iOS.csproj", "{03704B0C-896A-44BC-A94E-3DB6B3529082}"
EndProject
Project("{FAE04EC0-301F-11D3-BF4B-00C04F79EFBC}") = "URLShortener", "URLShortener\URLShortener\URLShortener.csproj", "{C1B0C397-7DE5-4C21-AA00-4904C3126A5C}"
EndProject
Global
	GlobalSection(SolutionConfigurationPlatforms) = preSolution
		Debug|Any CPU = Debug|Any CPU
		Debug|iPhone = Debug|iPhone
		Debug|iPhoneSimulator = Debug|iPhoneSimulator
		Release|Any CPU = Release|Any CPU
		Release|iPhone = Release|iPhone
		Release|iPhoneSimulator = Release|iPhoneSimulator
	EndGlobalSection
	GlobalSection(ProjectConfigurationPlatforms) = postSolution
		{31247C46-1AC0-4290-B48D-5C96CE30AFC9}.Debug|Any CPU.ActiveCfg = Debug|Any CPU
		{31247C46-1AC0-4290-B48D-5C96CE30AFC9}.Debug|Any CPU.Build.0 = Debug|Any CPU
		{31247C46-1AC0-4290-B48D-5C96CE30AFC9}.Debug|Any CPU.Deploy.0 = Debug|Any CPU
		{31247C46-1AC0-4290-B48D-5C96CE30AFC9}.Debug|iPhone.ActiveCfg = Debug|Any CPU
		{31247C46-1AC0-4290-B48D-5C96CE30AFC9}.Debug|iPhone.Build.0 = Debug|Any CPU
		{31247C46-1AC0-4290-B48D-5C96CE30AFC9}.Debug|iPhone.Deploy.0 = Debug|Any CPU
		{31247C46-1AC0-4290-B48D-5C96CE30AFC9}.Debug|iPhoneSimulator.ActiveCfg = Debug|Any CPU
		{31247C46-1AC0-4290-B48D-5C96CE30AFC9}.Debug|iPhoneSimulator.Build.0 = Debug|Any CPU
		{31247C46-1AC0-4290-B48D-5C96CE30AFC9}.Debug|iPhoneSimulator.Deploy.0 = Debug|Any CPU
		{31247C46-1AC0-4290-B48D-5C96CE30AFC9}.Release|Any CPU.ActiveCfg = Release|Any CPU
		{31247C46-1AC0-4290-B48D-5C96CE30AFC9}.Release|Any CPU.Build.0 = Release|Any CPU
		{31247C46-1AC0-4290-B48D-5C96CE30AFC9}.Release|Any CPU.Deploy.0 = Release|Any CPU
		{31247C46-1AC0-4290-B48D-5C96CE30AFC9}.Release|iPhone.ActiveCfg = Release|Any CPU
		{31247C46-1AC0-4290-B48D-5C96CE30AFC9}.Release|iPhone.Build.0 = Release|Any CPU
		{31247C46-1AC0-4290-B48D-5C96CE30AFC9}.Release|iPhone.Deploy.0 = Release|Any CPU
		{31247C46-1AC0-4290-B48D-5C96CE30AFC9}.Release|iPhoneSimulator.ActiveCfg = Release|Any CPU
		{31247C46-1AC0-4290-B48D-5C96CE30AFC9}.Release|iPhoneSimulator.Build.0 = Release|Any CPU
		{31247C46-1AC0-4290-B48D-5C96CE30AFC9}.Release|iPhoneSimulator.Deploy.0 = Release|Any CPU
		{03704B0C-896A-44BC-A94E-3DB6B3529082}.Debug|Any CPU.ActiveCfg = Debug|iPhone
		{03704B0C-896A-44BC-A94E-3DB6B3529082}.Debug|Any CPU.Build.0 = Debug|iPhone
		{03704B0C-896A-44BC-A94E-3DB6B3529082}.Debug|Any CPU.Deploy.0 = Debug|iPhone
		{03704B0C-896A-44BC-A94E-3DB6B3529082}.Debug|iPhone.ActiveCfg = Debug|iPhone
		{03704B0C-896A-44BC-A94E-3DB6B3529082}.Debug|iPhone.Build.0 = Debug|iPhone
		{03704B0C-896A-44BC-A94E-3DB6B3529082}.Debug|iPhone.Deploy.0 = Debug|iPhone
		{03704B0C-896A-44BC-A94E-3DB6B3529082}.Debug|iPhoneSimulator.ActiveCfg = Debug|iPhoneSimulator
		{03704B0C-896A-44BC-A94E-3DB6B3529082}.Debug|iPhoneSimulator.Build.0 = Debug|iPhoneSimulator
		{03704B0C-896A-44BC-A94E-3DB6B3529082}.Debug|iPhoneSimulator.Deploy.0 = Debug|iPhoneSimulator
		{03704B0C-896A-44BC-A94E-3DB6B3529082}.Release|Any CPU.ActiveCfg = Release|iPhoneSimulator
		{03704B0C-896A-44BC-A94E-3DB6B3529082}.Release|Any CPU.Build.0 = Release|iPhoneSimulator
		{03704B0C-896A-44BC-A94E-3DB6B3529082}.Release|Any CPU.Deploy.0 = Release|iPhoneSimulator
		{03704B0C-896A-44BC-A94E-3DB6B3529082}.Release|iPhone.ActiveCfg = Release|iPhone
		{03704B0C-896A-44BC-A94E-3DB6B3529082}.Release|iPhone.Build.0 = Release|iPhone
		{03704B0C-896A-44BC-A94E-3DB6B3529082}.Release|iPhone.Deploy.0 = Release|iPhone
		{03704B0C-896A-44BC-A94E-3DB6B3529082}.Release|iPhoneSimulator.ActiveCfg = Release|iPhoneSimulator
		{03704B0C-896A-44BC-A94E-3DB6B3529082}.Release|iPhoneSimulator.Build.0 = Release|iPhoneSimulator
		{03704B0C-896A-44BC-A94E-3DB6B3529082}.Release|iPhoneSimulator.Deploy.0 = Release|iPhoneSimulator
		{C1B0C397-7DE5-4C21-AA00-4904C3126A5C}.Debug|Any CPU.ActiveCfg = Debug|Any CPU
		{C1B0C397-7DE5-4C21-AA00-4904C3126A5C}.Debug|Any CPU.Build.0 = Debug|Any CPU
		{C1B0C397-7DE5-4C21-AA00-4904C3126A5C}.Debug|Any CPU.Deploy.0 = Debug|Any CPU
		{C1B0C397-7DE5-4C21-AA00-4904C3126A5C}.Debug|iPhone.ActiveCfg = Debug|Any CPU
		{C1B0C397-7DE5-4C21-AA00-4904C3126A5C}.Debug|iPhone.Build.0 = Debug|Any CPU
		{C1B0C397-7DE5-4C21-AA00-4904C3126A5C}.Debug|iPhone.Deploy.0 = Debug|Any CPU
		{C1B0C397-7DE5-4C21-AA00-4904C3126A5C}.Debug|iPhoneSimulator.ActiveCfg = Debug|Any CPU
		{C1B0C397-7DE5-4C21-AA00-4904C3126A5C}.Debug|iPhoneSimulator.Build.0 = Debug|Any CPU
		{C1B0C397-7DE5-4C21-AA00-4904C3126A5C}.Debug|iPhoneSimulator.Deploy.0 = Debug|Any CPU
		{C1B0C397-7DE5-4C21-AA00-4904C3126A5C}.Release|Any CPU.ActiveCfg = Release|Any CPU
		{C1B0C397-7DE5-4C21-AA00-4904C3126A5C}.Release|Any CPU.Build.0 = Release|Any CPU
		{C1B0C397-7DE5-4C21-AA00-4904C3126A5C}.Release|Any CPU.Deploy.0 = Release|Any CPU
		{C1B0C397-7DE5-4C21-AA00-4904C3126A5C}.Release|iPhone.ActiveCfg = Release|Any CPU
		{C1B0C397-7DE5-4C21-AA00-4904C3126A5C}.Release|iPhone.Build.0 = Release|Any CPU
		{C1B0C397-7DE5-4C21-AA00-4904C3126A5C}.Release|iPhone.Deploy.0 = Release|Any CPU
		{C1B0C397-7DE5-4C21-AA00-4904C3126A5C}.Release|iPhoneSimulator.ActiveCfg = Release|Any CPU
		{C1B0C397-7DE5-4C21-AA00-4904C3126A5C}.Release|iPhoneSimulator.Build.0 = Release|Any CPU
		{C1B0C397-7DE5-4C21-AA00-4904C3126A5C}.Release|iPhoneSimulator.Deploy.0 = Release|Any CPU
	EndGlobalSection
	GlobalSection(SolutionProperties) = preSolution
		HideSolutionNode = FALSE
	EndGlobalSection
	GlobalSection(ExtensibilityGlobals) = postSolution
		SolutionGuid = {2F118C40-7C35-406C-8A17-194839FA0EB0}
	EndGlobalSection
EndGlobal
